
Microsoft Visual Studio Solution File, Format Version 12.00
# Visual Studio Version 17
VisualStudioVersion = 17.0.31912.275
MinimumVisualStudioVersion = 10.0.40219.1
Project("{D954291E-2A0B-460D-934E-DC6B0785DB48}") = "LegacyCore-Shared", "LegacyCore-Shared\LegacyCore-Shared.shproj", "{6732DE22-9AF4-4556-A77E-1D2D976281FF}"
EndProject
Project("{FAE04EC0-301F-11D3-BF4B-00C04F79EFBC}") = "LegacyCore-0.11.2", "LegacyCore-0.11.2\LegacyCore-0.11.2.csproj", "{141D8363-583C-4E4E-8D38-80F88AC48B95}"
EndProject
Global
	GlobalSection(SolutionConfigurationPlatforms) = preSolution
		Debug|Any CPU = Debug|Any CPU
		Release|Any CPU = Release|Any CPU
	EndGlobalSection
	GlobalSection(ProjectConfigurationPlatforms) = postSolution
		{141D8363-583C-4E4E-8D38-80F88AC48B95}.Debug|Any CPU.ActiveCfg = Debug|Any CPU
		{141D8363-583C-4E4E-8D38-80F88AC48B95}.Debug|Any CPU.Build.0 = Debug|Any CPU
		{141D8363-583C-4E4E-8D38-80F88AC48B95}.Release|Any CPU.ActiveCfg = Release|Any CPU
		{141D8363-583C-4E4E-8D38-80F88AC48B95}.Release|Any CPU.Build.0 = Release|Any CPU
	EndGlobalSection
	GlobalSection(SolutionProperties) = preSolution
		HideSolutionNode = FALSE
	EndGlobalSection
	GlobalSection(ExtensibilityGlobals) = postSolution
		SolutionGuid = {1ED8D173-1348-4958-AA88-96DE38A9F37F}
	EndGlobalSection
	GlobalSection(SharedMSBuildProjectFiles) = preSolution
		LegacyCore-Shared\LegacyCore-Shared.projitems*{141d8363-583c-4e4e-8d38-80f88ac48b95}*SharedItemsImports = 4
		LegacyCore-Shared\LegacyCore-Shared.projitems*{6732de22-9af4-4556-a77e-1d2d976281ff}*SharedItemsImports = 13
	EndGlobalSection
EndGlobal
